{
  "name": "angularjs-fluent-moment",
  "version": "2.0.1",
  "lockfileVersion": 1,
  "requires": true,
  "dependencies": {
    "moment-with-locales-es6": {
      "version": "1.0.1",
      "resolved": "https://registry.npmjs.org/moment-with-locales-es6/-/moment-with-locales-es6-1.0.1.tgz",
      "integrity": "sha512-aKHuk7hHGVGk1X86rhu4aVwSEpBEwL3Lo5BEvZnqGueZeVK9pfpTrlLT3qN4A64vMkiKkxWpwQCcyg2YpoZGaQ==",
      "dev": true
    }
  }
}
